Microsoft Visual Studio Solution File, Format Version 12.00
# Visual Studio 15
VisualStudioVersion = 15.0.26730.12
MinimumVisualStudioVersion = 10.0.40219.1
Project("{8BC9CEB8-8B4A-11D0-8D11-00A0C91BC942}") = "stellar-core", "stellar-core.vcxproj", "{916B91AB-A300-422C-B9C2-D683924DC109}"
EndProject
Project("{8BC9CEB8-8B4A-11D0-8D11-00A0C91BC942}") = "libsodium", "..\..\lib\libsodium\builds\msvc\vs2017\libsodium\libsodium.vcxproj", "{A185B162-6CB6-4502-B03F-B56F7699A8D9}"
EndProject
Project("{8BC9CEB8-8B4A-11D0-8D11-00A0C91BC942}") = "xdrpp", "..\..\lib\xdrpp\msvc_xdrpp\xdrpp\xdrpp.vcxproj", "{79708037-97A3-4B19-8E9E-252D00E2E007}"
EndProject
Project("{8BC9CEB8-8B4A-11D0-8D11-00A0C91BC942}") = "xdrc", "..\..\lib\xdrpp\msvc_xdrpp\xdrc\xdrc.vcxproj", "{E85843D9-B9E8-447B-BDD8-0CF9347229A4}"
EndProject
Project("{8BC9CEB8-8B4A-11D0-8D11-00A0C91BC942}") = "libsqlite", "libsqlite\libsqlite.vcxproj", "{D16EE391-36CC-4A74-8F91-C6DE95AB1CC5}"
EndProject
Project("{8BC9CEB8-8B4A-11D0-8D11-00A0C91BC942}") = "libsoci", "libsoci\libsoci.vcxproj", "{BBD512EB-DB2A-4FA1-BDB8-3BA3D2FCF51B}"
EndProject
Project("{8BC9CEB8-8B4A-11D0-8D11-00A0C91BC942}") = "libsoci_sqlite3", "libsoci_sqlite3\libsoci_sqlite3.vcxproj", "{AE4B5814-D3D5-431F-9792-88689D1BC708}"
EndProject
Project("{8BC9CEB8-8B4A-11D0-8D11-00A0C91BC942}") = "libsoci_postgresql", "libsoci_postgresql\libsoci_postgresql.vcxproj", "{AF73D670-3D56-4949-BEC5-B8E5F7BCA2E5}"
EndProject
Project("{8BC9CEB8-8B4A-11D0-8D11-00A0C91BC942}") = "libmedida", "libmedida\libmedida.vcxproj", "{274A9F25-F6AE-4484-B5D1-5812C1B7A48D}"
EndProject
Global
	GlobalSection(SolutionConfigurationPlatforms) = preSolution
		Debug|x64 = Debug|x64
		DebugNoPostgres|x64 = DebugNoPostgres|x64
		Release|x64 = Release|x64
	EndGlobalSection
	GlobalSection(ProjectConfigurationPlatforms) = postSolution
		{916B91AB-A300-422C-B9C2-D683924DC109}.Debug|x64.ActiveCfg = Debug|x64
		{916B91AB-A300-422C-B9C2-D683924DC109}.Debug|x64.Build.0 = Debug|x64
		{916B91AB-A300-422C-B9C2-D683924DC109}.DebugNoPostgres|x64.ActiveCfg = DebugNoPostgres|x64
		{916B91AB-A300-422C-B9C2-D683924DC109}.DebugNoPostgres|x64.Build.0 = DebugNoPostgres|x64
		{916B91AB-A300-422C-B9C2-D683924DC109}.Release|x64.ActiveCfg = Release|x64
		{916B91AB-A300-422C-B9C2-D683924DC109}.Release|x64.Build.0 = Release|x64
		{A185B162-6CB6-4502-B03F-B56F7699A8D9}.Debug|x64.ActiveCfg = DebugLIB|x64
		{A185B162-6CB6-4502-B03F-B56F7699A8D9}.Debug|x64.Build.0 = DebugLIB|x64
		{A185B162-6CB6-4502-B03F-B56F7699A8D9}.DebugNoPostgres|x64.ActiveCfg = DebugLIB|x64
		{A185B162-6CB6-4502-B03F-B56F7699A8D9}.DebugNoPostgres|x64.Build.0 = DebugLIB|x64
		{A185B162-6CB6-4502-B03F-B56F7699A8D9}.Release|x64.ActiveCfg = ReleaseLTCG|x64
		{A185B162-6CB6-4502-B03F-B56F7699A8D9}.Release|x64.Build.0 = ReleaseLTCG|x64
		{79708037-97A3-4B19-8E9E-252D00E2E007}.Debug|x64.ActiveCfg = Debug|x64
		{79708037-97A3-4B19-8E9E-252D00E2E007}.Debug|x64.Build.0 = Debug|x64
		{79708037-97A3-4B19-8E9E-252D00E2E007}.DebugNoPostgres|x64.ActiveCfg = Debug|x64
		{79708037-97A3-4B19-8E9E-252D00E2E007}.DebugNoPostgres|x64.Build.0 = Debug|x64
		{79708037-97A3-4B19-8E9E-252D00E2E007}.Release|x64.ActiveCfg = Release|x64
		{79708037-97A3-4B19-8E9E-252D00E2E007}.Release|x64.Build.0 = Release|x64
		{E85843D9-B9E8-447B-BDD8-0CF9347229A4}.Debug|x64.ActiveCfg = Debug|x64
		{E85843D9-B9E8-447B-BDD8-0CF9347229A4}.Debug|x64.Build.0 = Debug|x64
		{E85843D9-B9E8-447B-BDD8-0CF9347229A4}.DebugNoPostgres|x64.ActiveCfg = Debug|x64
		{E85843D9-B9E8-447B-BDD8-0CF9347229A4}.DebugNoPostgres|x64.Build.0 = Debug|x64
		{E85843D9-B9E8-447B-BDD8-0CF9347229A4}.Release|x64.ActiveCfg = Release|x64
		{E85843D9-B9E8-447B-BDD8-0CF9347229A4}.Release|x64.Build.0 = Release|x64
		{D16EE391-36CC-4A74-8F91-C6DE95AB1CC5}.Debug|x64.ActiveCfg = Debug|x64
		{D16EE391-36CC-4A74-8F91-C6DE95AB1CC5}.Debug|x64.Build.0 = Debug|x64
		{D16EE391-36CC-4A74-8F91-C6DE95AB1CC5}.DebugNoPostgres|x64.ActiveCfg = DebugNoPostgres|x64
		{D16EE391-36CC-4A74-8F91-C6DE95AB1CC5}.DebugNoPostgres|x64.Build.0 = DebugNoPostgres|x64
		{D16EE391-36CC-4A74-8F91-C6DE95AB1CC5}.Release|x64.ActiveCfg = Release|x64
		{D16EE391-36CC-4A74-8F91-C6DE95AB1CC5}.Release|x64.Build.0 = Release|x64
		{BBD512EB-DB2A-4FA1-BDB8-3BA3D2FCF51B}.Debug|x64.ActiveCfg = Debug|x64
		{BBD512EB-DB2A-4FA1-BDB8-3BA3D2FCF51B}.Debug|x64.Build.0 = Debug|x64
		{BBD512EB-DB2A-4FA1-BDB8-3BA3D2FCF51B}.DebugNoPostgres|x64.ActiveCfg = DebugNoPostgres|x64
		{BBD512EB-DB2A-4FA1-BDB8-3BA3D2FCF51B}.DebugNoPostgres|x64.Build.0 = DebugNoPostgres|x64
		{BBD512EB-DB2A-4FA1-BDB8-3BA3D2FCF51B}.Release|x64.ActiveCfg = Release|x64
		{BBD512EB-DB2A-4FA1-BDB8-3BA3D2FCF51B}.Release|x64.Build.0 = Release|x64
		{AE4B5814-D3D5-431F-9792-88689D1BC708}.Debug|x64.ActiveCfg = Debug|x64
		{AE4B5814-D3D5-431F-9792-88689D1BC708}.Debug|x64.Build.0 = Debug|x64
		{AE4B5814-D3D5-431F-9792-88689D1BC708}.DebugNoPostgres|x64.ActiveCfg = DebugNoPostgres|x64
		{AE4B5814-D3D5-431F-9792-88689D1BC708}.DebugNoPostgres|x64.Build.0 = DebugNoPostgres|x64
		{AE4B5814-D3D5-431F-9792-88689D1BC708}.Release|x64.ActiveCfg = Release|x64
		{AE4B5814-D3D5-431F-9792-88689D1BC708}.Release|x64.Build.0 = Release|x64
		{AF73D670-3D56-4949-BEC5-B8E5F7BCA2E5}.Debug|x64.ActiveCfg = Debug|x64
		{AF73D670-3D56-4949-BEC5-B8E5F7BCA2E5}.Debug|x64.Build.0 = Debug|x64
		{AF73D670-3D56-4949-BEC5-B8E5F7BCA2E5}.DebugNoPostgres|x64.ActiveCfg = DebugNoPostgres|x64
		{AF73D670-3D56-4949-BEC5-B8E5F7BCA2E5}.Release|x64.ActiveCfg = Release|x64
		{AF73D670-3D56-4949-BEC5-B8E5F7BCA2E5}.Release|x64.Build.0 = Release|x64
		{274A9F25-F6AE-4484-B5D1-5812C1B7A48D}.Debug|x64.ActiveCfg = Debug|x64
		{274A9F25-F6AE-4484-B5D1-5812C1B7A48D}.Debug|x64.Build.0 = Debug|x64
		{274A9F25-F6AE-4484-B5D1-5812C1B7A48D}.DebugNoPostgres|x64.ActiveCfg = DebugNoPostgres|x64
		{274A9F25-F6AE-4484-B5D1-5812C1B7A48D}.DebugNoPostgres|x64.Build.0 = DebugNoPostgres|x64
		{274A9F25-F6AE-4484-B5D1-5812C1B7A48D}.Release|x64.ActiveCfg = Release|x64
		{274A9F25-F6AE-4484-B5D1-5812C1B7A48D}.Release|x64.Build.0 = Release|x64
	EndGlobalSection
	GlobalSection(SolutionProperties) = preSolution
		HideSolutionNode = FALSE
	EndGlobalSection
	GlobalSection(ExtensibilityGlobals) = postSolution
		SolutionGuid = {6D5B4A3F-A881-4BFE-9895-542FEE2D3D9C}
	EndGlobalSection
EndGlobal
